
Microsoft Visual Studio Solution File, Format Version 12.00
# Visual Studio Version 16
VisualStudioVersion = 16.0.30717.126
MinimumVisualStudioVersion = 10.0.40219.1
Project("{9A19103F-16F7-4668-BE54-9A1E7A4F7556}") = "CzadRuletAPI", "CzadRuletAPI\CzadRuletAPI.csproj", "{D4FCD8A2-D785-4969-9B61-4E99E4A6B0A4}"
EndProject
Project("{9A19103F-16F7-4668-BE54-9A1E7A4F7556}") = "CzadRuletFrontend", "CzadRuletFrontend\CzadRuletFrontend.csproj", "{CCA8795E-1A88-47F9-B7B5-99A88557FD3C}"
EndProject
Project("{E53339B2-1760-4266-BCC7-CA923CBCF16C}") = "docker-compose", "docker-compose.dcproj", "{5A3296B0-7805-4BC4-B135-E967D1BD3FDD}"
EndProject
Project("{FAE04EC0-301F-11D3-BF4B-00C04F79EFBC}") = "CzadRuletMobile.Android", "CzadRuletMobile\CzadRuletMobile.Android\CzadRuletMobile.Android.csproj", "{5D19DD72-66C2-4B91-A47F-E6B065CC6E62}"
EndProject
Project("{FAE04EC0-301F-11D3-BF4B-00C04F79EFBC}") = "CzadRuletMobile.iOS", "CzadRuletMobile\CzadRuletMobile.iOS\CzadRuletMobile.iOS.csproj", "{C5AC1FE3-5417-488C-A103-FE4C0D07AA83}"
EndProject
Project("{9A19103F-16F7-4668-BE54-9A1E7A4F7556}") = "CzadRuletMobile", "CzadRuletMobile\CzadRuletMobile\CzadRuletMobile.csproj", "{2C07173C-DD4D-4FFD-A025-E4B8C03B4414}"
EndProject
Project("{FAE04EC0-301F-11D3-BF4B-00C04F79EFBC}") = "CzadRuletCommon", "CzadRuletCommon\CzadRuletCommon.csproj", "{6D431078-158E-4A23-859E-51A2E4271410}"
EndProject
Global
	GlobalSection(SolutionConfigurationPlatforms) = preSolution
		Debug|Any CPU = Debug|Any CPU
		Debug|iPhone = Debug|iPhone
		Debug|iPhoneSimulator = Debug|iPhoneSimulator
		Release|Any CPU = Release|Any CPU
		Release|iPhone = Release|iPhone
		Release|iPhoneSimulator = Release|iPhoneSimulator
	EndGlobalSection
	GlobalSection(ProjectConfigurationPlatforms) = postSolution
		{D4FCD8A2-D785-4969-9B61-4E99E4A6B0A4}.Debug|Any CPU.ActiveCfg = Debug|Any CPU
		{D4FCD8A2-D785-4969-9B61-4E99E4A6B0A4}.Debug|Any CPU.Build.0 = Debug|Any CPU
		{D4FCD8A2-D785-4969-9B61-4E99E4A6B0A4}.Debug|iPhone.ActiveCfg = Debug|Any CPU
		{D4FCD8A2-D785-4969-9B61-4E99E4A6B0A4}.Debug|iPhone.Build.0 = Debug|Any CPU
		{D4FCD8A2-D785-4969-9B61-4E99E4A6B0A4}.Debug|iPhoneSimulator.ActiveCfg = Debug|Any CPU
		{D4FCD8A2-D785-4969-9B61-4E99E4A6B0A4}.Debug|iPhoneSimulator.Build.0 = Debug|Any CPU
		{D4FCD8A2-D785-4969-9B61-4E99E4A6B0A4}.Release|Any CPU.ActiveCfg = Release|Any CPU
		{D4FCD8A2-D785-4969-9B61-4E99E4A6B0A4}.Release|Any CPU.Build.0 = Release|Any CPU
		{D4FCD8A2-D785-4969-9B61-4E99E4A6B0A4}.Release|iPhone.ActiveCfg = Release|Any CPU
		{D4FCD8A2-D785-4969-9B61-4E99E4A6B0A4}.Release|iPhone.Build.0 = Release|Any CPU
		{D4FCD8A2-D785-4969-9B61-4E99E4A6B0A4}.Release|iPhoneSimulator.ActiveCfg = Release|Any CPU
		{D4FCD8A2-D785-4969-9B61-4E99E4A6B0A4}.Release|iPhoneSimulator.Build.0 = Release|Any CPU
		{CCA8795E-1A88-47F9-B7B5-99A88557FD3C}.Debug|Any CPU.ActiveCfg = Debug|Any CPU
		{CCA8795E-1A88-47F9-B7B5-99A88557FD3C}.Debug|Any CPU.Build.0 = Debug|Any CPU
		{CCA8795E-1A88-47F9-B7B5-99A88557FD3C}.Debug|iPhone.ActiveCfg = Debug|Any CPU
		{CCA8795E-1A88-47F9-B7B5-99A88557FD3C}.Debug|iPhone.Build.0 = Debug|Any CPU
		{CCA8795E-1A88-47F9-B7B5-99A88557FD3C}.Debug|iPhoneSimulator.ActiveCfg = Debug|Any CPU
		{CCA8795E-1A88-47F9-B7B5-99A88557FD3C}.Debug|iPhoneSimulator.Build.0 = Debug|Any CPU
		{CCA8795E-1A88-47F9-B7B5-99A88557FD3C}.Release|Any CPU.ActiveCfg = Release|Any CPU
		{CCA8795E-1A88-47F9-B7B5-99A88557FD3C}.Release|Any CPU.Build.0 = Release|Any CPU
		{CCA8795E-1A88-47F9-B7B5-99A88557FD3C}.Release|iPhone.ActiveCfg = Release|Any CPU
		{CCA8795E-1A88-47F9-B7B5-99A88557FD3C}.Release|iPhone.Build.0 = Release|Any CPU
		{CCA8795E-1A88-47F9-B7B5-99A88557FD3C}.Release|iPhoneSimulator.ActiveCfg = Release|Any CPU
		{CCA8795E-1A88-47F9-B7B5-99A88557FD3C}.Release|iPhoneSimulator.Build.0 = Release|Any CPU
		{5A3296B0-7805-4BC4-B135-E967D1BD3FDD}.Debug|Any CPU.ActiveCfg = Debug|Any CPU
		{5A3296B0-7805-4BC4-B135-E967D1BD3FDD}.Debug|Any CPU.Build.0 = Debug|Any CPU
		{5A3296B0-7805-4BC4-B135-E967D1BD3FDD}.Debug|iPhone.ActiveCfg = Debug|Any CPU
		{5A3296B0-7805-4BC4-B135-E967D1BD3FDD}.Debug|iPhone.Build.0 = Debug|Any CPU
		{5A3296B0-7805-4BC4-B135-E967D1BD3FDD}.Debug|iPhoneSimulator.ActiveCfg = Debug|Any CPU
		{5A3296B0-7805-4BC4-B135-E967D1BD3FDD}.Debug|iPhoneSimulator.Build.0 = Debug|Any CPU
		{5A3296B0-7805-4BC4-B135-E967D1BD3FDD}.Release|Any CPU.ActiveCfg = Release|Any CPU
		{5A3296B0-7805-4BC4-B135-E967D1BD3FDD}.Release|Any CPU.Build.0 = Release|Any CPU
		{5A3296B0-7805-4BC4-B135-E967D1BD3FDD}.Release|iPhone.ActiveCfg = Release|Any CPU
		{5A3296B0-7805-4BC4-B135-E967D1BD3FDD}.Release|iPhone.Build.0 = Release|Any CPU
		{5A3296B0-7805-4BC4-B135-E967D1BD3FDD}.Release|iPhoneSimulator.ActiveCfg = Release|Any CPU
		{5A3296B0-7805-4BC4-B135-E967D1BD3FDD}.Release|iPhoneSimulator.Build.0 = Release|Any CPU
		{5D19DD72-66C2-4B91-A47F-E6B065CC6E62}.Debug|Any CPU.ActiveCfg = Debug|Any CPU
		{5D19DD72-66C2-4B91-A47F-E6B065CC6E62}.Debug|Any CPU.Build.0 = Debug|Any CPU
		{5D19DD72-66C2-4B91-A47F-E6B065CC6E62}.Debug|Any CPU.Deploy.0 = Debug|Any CPU
		{5D19DD72-66C2-4B91-A47F-E6B065CC6E62}.Debug|iPhone.ActiveCfg = Debug|Any CPU
		{5D19DD72-66C2-4B91-A47F-E6B065CC6E62}.Debug|iPhone.Build.0 = Debug|Any CPU
		{5D19DD72-66C2-4B91-A47F-E6B065CC6E62}.Debug|iPhone.Deploy.0 = Debug|Any CPU
		{5D19DD72-66C2-4B91-A47F-E6B065CC6E62}.Debug|iPhoneSimulator.ActiveCfg = Debug|Any CPU
		{5D19DD72-66C2-4B91-A47F-E6B065CC6E62}.Debug|iPhoneSimulator.Build.0 = Debug|Any CPU
		{5D19DD72-66C2-4B91-A47F-E6B065CC6E62}.Debug|iPhoneSimulator.Deploy.0 = Debug|Any CPU
		{5D19DD72-66C2-4B91-A47F-E6B065CC6E62}.Release|Any CPU.ActiveCfg = Release|Any CPU
		{5D19DD72-66C2-4B91-A47F-E6B065CC6E62}.Release|Any CPU.Build.0 = Release|Any CPU
		{5D19DD72-66C2-4B91-A47F-E6B065CC6E62}.Release|Any CPU.Deploy.0 = Release|Any CPU
		{5D19DD72-66C2-4B91-A47F-E6B065CC6E62}.Release|iPhone.ActiveCfg = Release|Any CPU
		{5D19DD72-66C2-4B91-A47F-E6B065CC6E62}.Release|iPhone.Build.0 = Release|Any CPU
		{5D19DD72-66C2-4B91-A47F-E6B065CC6E62}.Release|iPhone.Deploy.0 = Release|Any CPU
		{5D19DD72-66C2-4B91-A47F-E6B065CC6E62}.Release|iPhoneSimulator.ActiveCfg = Release|Any CPU
		{5D19DD72-66C2-4B91-A47F-E6B065CC6E62}.Release|iPhoneSimulator.Build.0 = Release|Any CPU
		{5D19DD72-66C2-4B91-A47F-E6B065CC6E62}.Release|iPhoneSimulator.Deploy.0 = Release|Any CPU
		{C5AC1FE3-5417-488C-A103-FE4C0D07AA83}.Debug|Any CPU.ActiveCfg = Debug|iPhoneSimulator
		{C5AC1FE3-5417-488C-A103-FE4C0D07AA83}.Debug|iPhone.ActiveCfg = Debug|iPhone
		{C5AC1FE3-5417-488C-A103-FE4C0D07AA83}.Debug|iPhone.Build.0 = Debug|iPhone
		{C5AC1FE3-5417-488C-A103-FE4C0D07AA83}.Debug|iPhoneSimulator.ActiveCfg = Debug|iPhoneSimulator
		{C5AC1FE3-5417-488C-A103-FE4C0D07AA83}.Debug|iPhoneSimulator.Build.0 = Debug|iPhoneSimulator
		{C5AC1FE3-5417-488C-A103-FE4C0D07AA83}.Release|Any CPU.ActiveCfg = Release|iPhoneSimulator
		{C5AC1FE3-5417-488C-A103-FE4C0D07AA83}.Release|iPhone.ActiveCfg = Release|iPhone
		{C5AC1FE3-5417-488C-A103-FE4C0D07AA83}.Release|iPhone.Build.0 = Release|iPhone
		{C5AC1FE3-5417-488C-A103-FE4C0D07AA83}.Release|iPhoneSimulator.ActiveCfg = Release|iPhoneSimulator
		{C5AC1FE3-5417-488C-A103-FE4C0D07AA83}.Release|iPhoneSimulator.Build.0 = Release|iPhoneSimulator
		{2C07173C-DD4D-4FFD-A025-E4B8C03B4414}.Debug|Any CPU.ActiveCfg = Debug|Any CPU
		{2C07173C-DD4D-4FFD-A025-E4B8C03B4414}.Debug|Any CPU.Build.0 = Debug|Any CPU
		{2C07173C-DD4D-4FFD-A025-E4B8C03B4414}.Debug|iPhone.ActiveCfg = Debug|Any CPU
		{2C07173C-DD4D-4FFD-A025-E4B8C03B4414}.Debug|iPhone.Build.0 = Debug|Any CPU
		{2C07173C-DD4D-4FFD-A025-E4B8C03B4414}.Debug|iPhoneSimulator.ActiveCfg = Debug|Any CPU
		{2C07173C-DD4D-4FFD-A025-E4B8C03B4414}.Debug|iPhoneSimulator.Build.0 = Debug|Any CPU
		{2C07173C-DD4D-4FFD-A025-E4B8C03B4414}.Release|Any CPU.ActiveCfg = Release|Any CPU
		{2C07173C-DD4D-4FFD-A025-E4B8C03B4414}.Release|Any CPU.Build.0 = Release|Any CPU
		{2C07173C-DD4D-4FFD-A025-E4B8C03B4414}.Release|iPhone.ActiveCfg = Release|Any CPU
		{2C07173C-DD4D-4FFD-A025-E4B8C03B4414}.Release|iPhone.Build.0 = Release|Any CPU
		{2C07173C-DD4D-4FFD-A025-E4B8C03B4414}.Release|iPhoneSimulator.ActiveCfg = Release|Any CPU
		{2C07173C-DD4D-4FFD-A025-E4B8C03B4414}.Release|iPhoneSimulator.Build.0 = Release|Any CPU
		{6D431078-158E-4A23-859E-51A2E4271410}.Debug|Any CPU.ActiveCfg = Debug|Any CPU
		{6D431078-158E-4A23-859E-51A2E4271410}.Debug|Any CPU.Build.0 = Debug|Any CPU
		{6D431078-158E-4A23-859E-51A2E4271410}.Debug|iPhone.ActiveCfg = Debug|Any CPU
		{6D431078-158E-4A23-859E-51A2E4271410}.Debug|iPhone.Build.0 = Debug|Any CPU
		{6D431078-158E-4A23-859E-51A2E4271410}.Debug|iPhoneSimulator.ActiveCfg = Debug|Any CPU
		{6D431078-158E-4A23-859E-51A2E4271410}.Debug|iPhoneSimulator.Build.0 = Debug|Any CPU
		{6D431078-158E-4A23-859E-51A2E4271410}.Release|Any CPU.ActiveCfg = Release|Any CPU
		{6D431078-158E-4A23-859E-51A2E4271410}.Release|Any CPU.Build.0 = Release|Any CPU
		{6D431078-158E-4A23-859E-51A2E4271410}.Release|iPhone.ActiveCfg = Release|Any CPU
		{6D431078-158E-4A23-859E-51A2E4271410}.Release|iPhone.Build.0 = Release|Any CPU
		{6D431078-158E-4A23-859E-51A2E4271410}.Release|iPhoneSimulator.ActiveCfg = Release|Any CPU
		{6D431078-158E-4A23-859E-51A2E4271410}.Release|iPhoneSimulator.Build.0 = Release|Any CPU
	EndGlobalSection
	GlobalSection(SolutionProperties) = preSolution
		HideSolutionNode = FALSE
	EndGlobalSection
	GlobalSection(ExtensibilityGlobals) = postSolution
		SolutionGuid = {DD5A08B6-D08D-437A-90AF-CB7D8FDC8495}
	EndGlobalSection
EndGlobal
